// !$*UTF8*$!
{
	archiveVersion = 1;
	classes = {
	};
	objectVersion = 56;
	objects = {

/* Begin PBXBuildFile section */
		450DC52F2B765F3F008E6ED4 /* AppDelegate.swift in Sources */ = {isa = PBXBuildFile; fileRef = 450DC52E2B765F3F008E6ED4 /* AppDelegate.swift */; };
		450DC5312B765F3F008E6ED4 /* SceneDelegate.swift in Sources */ = {isa = PBXBuildFile; fileRef = 450DC5302B765F3F008E6ED4 /* SceneDelegate.swift */; };
		450DC5382B765F40008E6ED4 /* Assets.xcassets in Resources */ = {isa = PBXBuildFile; fileRef = 450DC5372B765F40008E6ED4 /* Assets.xcassets */; };
		450DC53B2B765F40008E6ED4 /* LaunchScreen.storyboard in Resources */ = {isa = PBXBuildFile; fileRef = 450DC5392B765F40008E6ED4 /* LaunchScreen.storyboard */; };
		450DC5462B765F40008E6ED4 /* PokedexTests.swift in Sources */ = {isa = PBXBuildFile; fileRef = 450DC5452B765F40008E6ED4 /* PokedexTests.swift */; };
		450DC5502B765F40008E6ED4 /* PokedexUITests.swift in Sources */ = {isa = PBXBuildFile; fileRef = 450DC54F2B765F40008E6ED4 /* PokedexUITests.swift */; };
		450DC5522B765F40008E6ED4 /* PokedexUITestsLaunchTests.swift in Sources */ = {isa = PBXBuildFile; fileRef = 450DC5512B765F40008E6ED4 /* PokedexUITestsLaunchTests.swift */; };
		450DC5732B7666DB008E6ED4 /* PokemonListViewModel.swift in Sources */ = {isa = PBXBuildFile; fileRef = 450DC5722B7666DB008E6ED4 /* PokemonListViewModel.swift */; };
		451CB6D12B79573400EBF2AC /* PokemonService.swift in Sources */ = {isa = PBXBuildFile; fileRef = 451CB6D02B79573400EBF2AC /* PokemonService.swift */; };
		451CB6D42B79579600EBF2AC /* PokemonsEndpoint.swift in Sources */ = {isa = PBXBuildFile; fileRef = 451CB6D32B79579600EBF2AC /* PokemonsEndpoint.swift */; };
		451CB6D72B7957F400EBF2AC /* Endpoint.swift in Sources */ = {isa = PBXBuildFile; fileRef = 451CB6D62B7957F400EBF2AC /* Endpoint.swift */; };
		451CB6D92B79581300EBF2AC /* HTTPClient.swift in Sources */ = {isa = PBXBuildFile; fileRef = 451CB6D82B79581300EBF2AC /* HTTPClient.swift */; };
		451CB6DB2B79583600EBF2AC /* HTTPMethod.swift in Sources */ = {isa = PBXBuildFile; fileRef = 451CB6DA2B79583600EBF2AC /* HTTPMethod.swift */; };
		451CB6DD2B79584E00EBF2AC /* ApiError.swift in Sources */ = {isa = PBXBuildFile; fileRef = 451CB6DC2B79584E00EBF2AC /* ApiError.swift */; };
		451CB6E12B79593200EBF2AC /* Pokemon.swift in Sources */ = {isa = PBXBuildFile; fileRef = 451CB6E02B79593200EBF2AC /* Pokemon.swift */; };
		451CB6E32B79596100EBF2AC /* PokemonList.swift in Sources */ = {isa = PBXBuildFile; fileRef = 451CB6E22B79596100EBF2AC /* PokemonList.swift */; };
		451CB6F12B795DCA00EBF2AC /* PokemonItemTableViewCell.swift in Sources */ = {isa = PBXBuildFile; fileRef = 451CB6EF2B795DCA00EBF2AC /* PokemonItemTableViewCell.swift */; };
		451CB6F22B795DCA00EBF2AC /* PokemonItemTableViewCell.xib in Resources */ = {isa = PBXBuildFile; fileRef = 451CB6F02B795DCA00EBF2AC /* PokemonItemTableViewCell.xib */; };
		4553D6EB2B7B7E7C00F2B323 /* PokemonListTableViewCellData.swift in Sources */ = {isa = PBXBuildFile; fileRef = 4553D6EA2B7B7E7C00F2B323 /* PokemonListTableViewCellData.swift */; };
		4553D6EE2B7B810200F2B323 /* Kingfisher in Frameworks */ = {isa = PBXBuildFile; productRef = 4553D6ED2B7B810200F2B323 /* Kingfisher */; };
		4553D6F12B7B83E100F2B323 /* PokemonListViewController.swift in Sources */ = {isa = PBXBuildFile; fileRef = 4553D6EF2B7B83E100F2B323 /* PokemonListViewController.swift */; };
		4553D6F22B7B83E100F2B323 /* PokemonListViewController.xib in Resources */ = {isa = PBXBuildFile; fileRef = 4553D6F02B7B83E100F2B323 /* PokemonListViewController.xib */; };
		4553D6F52B7B8A5900F2B323 /* PokemonDetailsViewModel.swift in Sources */ = {isa = PBXBuildFile; fileRef = 4553D6F42B7B8A5900F2B323 /* PokemonDetailsViewModel.swift */; };
		4553D6F92B7B8A6C00F2B323 /* PokemonDetailsViewController.swift in Sources */ = {isa = PBXBuildFile; fileRef = 4553D6F72B7B8A6C00F2B323 /* PokemonDetailsViewController.swift */; };
		4553D6FA2B7B8A6C00F2B323 /* PokemonDetailsViewController.xib in Resources */ = {isa = PBXBuildFile; fileRef = 4553D6F82B7B8A6C00F2B323 /* PokemonDetailsViewController.xib */; };
		4553D7022B7B92B000F2B323 /* PokemonListRouter.swift in Sources */ = {isa = PBXBuildFile; fileRef = 4553D7012B7B92B000F2B323 /* PokemonListRouter.swift */; };
		4553D7052B7B939200F2B323 /* PokemonDetailsRouter.swift in Sources */ = {isa = PBXBuildFile; fileRef = 4553D7042B7B939200F2B323 /* PokemonDetailsRouter.swift */; };
		4553D7072B7B96B900F2B323 /* PokemonListModule.swift in Sources */ = {isa = PBXBuildFile; fileRef = 4553D7062B7B96B900F2B323 /* PokemonListModule.swift */; };
/* End PBXBuildFile section */

/* Begin PBXContainerItemProxy section */
		450DC5422B765F40008E6ED4 /* PBXContainerItemProxy */ = {
			isa = PBXContainerItemProxy;
			containerPortal = 450DC5232B765F3F008E6ED4 /* Project object */;
			proxyType = 1;
			remoteGlobalIDString = 450DC52A2B765F3F008E6ED4;
			remoteInfo = Pokedex;
		};
		450DC54C2B765F40008E6ED4 /* PBXContainerItemProxy */ = {
			isa = PBXContainerItemProxy;
			containerPortal = 450DC5232B765F3F008E6ED4 /* Project object */;
			proxyType = 1;
			remoteGlobalIDString = 450DC52A2B765F3F008E6ED4;
			remoteInfo = Pokedex;
		};
/* End PBXContainerItemProxy section */

/* Begin PBXFileReference section */
		450DC52B2B765F3F008E6ED4 /* Pokedex.app */ = {isa = PBXFileReference; explicitFileType = wrapper.application; includeInIndex = 0; path = Pokedex.app; sourceTree = BUILT_PRODUCTS_DIR; };
		450DC52E2B765F3F008E6ED4 /* AppDelegate.swift */ = {isa = PBXFileReference; lastKnownFileType = sourcecode.swift; path = AppDelegate.swift; sourceTree = "<group>"; };
		450DC5302B765F3F008E6ED4 /* SceneDelegate.swift */ = {isa = PBXFileReference; lastKnownFileType = sourcecode.swift; path = SceneDelegate.swift; sourceTree = "<group>"; };
		450DC5372B765F40008E6ED4 /* Assets.xcassets */ = {isa = PBXFileReference; lastKnownFileType = folder.assetcatalog; path = Assets.xcassets; sourceTree = "<group>"; };
		450DC53A2B765F40008E6ED4 /* Base */ = {isa = PBXFileReference; lastKnownFileType = file.storyboard; name = Base; path = Base.lproj/LaunchScreen.storyboard; sourceTree = "<group>"; };
		450DC53C2B765F40008E6ED4 /* Info.plist */ = {isa = PBXFileReference; lastKnownFileType = text.plist.xml; path = Info.plist; sourceTree = "<group>"; };
		450DC5412B765F40008E6ED4 /* PokedexTests.xctest */ = {isa = PBXFileReference; explicitFileType = wrapper.cfbundle; includeInIndex = 0; path = PokedexTests.xctest; sourceTree = BUILT_PRODUCTS_DIR; };
		450DC5452B765F40008E6ED4 /* PokedexTests.swift */ = {isa = PBXFileReference; lastKnownFileType = sourcecode.swift; path = PokedexTests.swift; sourceTree = "<group>"; };
		450DC54B2B765F40008E6ED4 /* PokedexUITests.xctest */ = {isa = PBXFileReference; explicitFileType = wrapper.cfbundle; includeInIndex = 0; path = PokedexUITests.xctest; sourceTree = BUILT_PRODUCTS_DIR; };
		450DC54F2B765F40008E6ED4 /* PokedexUITests.swift */ = {isa = PBXFileReference; lastKnownFileType = sourcecode.swift; path = PokedexUITests.swift; sourceTree = "<group>"; };
		450DC5512B765F40008E6ED4 /* PokedexUITestsLaunchTests.swift */ = {isa = PBXFileReference; lastKnownFileType = sourcecode.swift; path = PokedexUITestsLaunchTests.swift; sourceTree = "<group>"; };
		450DC5722B7666DB008E6ED4 /* PokemonListViewModel.swift */ = {isa = PBXFileReference; lastKnownFileType = sourcecode.swift; path = PokemonListViewModel.swift; sourceTree = "<group>"; };
		451CB6D02B79573400EBF2AC /* PokemonService.swift */ = {isa = PBXFileReference; lastKnownFileType = sourcecode.swift; path = PokemonService.swift; sourceTree = "<group>"; };
		451CB6D32B79579600EBF2AC /* PokemonsEndpoint.swift */ = {isa = PBXFileReference; lastKnownFileType = sourcecode.swift; path = PokemonsEndpoint.swift; sourceTree = "<group>"; };
		451CB6D62B7957F400EBF2AC /* Endpoint.swift */ = {isa = PBXFileReference; lastKnownFileType = sourcecode.swift; path = Endpoint.swift; sourceTree = "<group>"; };
		451CB6D82B79581300EBF2AC /* HTTPClient.swift */ = {isa = PBXFileReference; lastKnownFileType = sourcecode.swift; path = HTTPClient.swift; sourceTree = "<group>"; };
		451CB6DA2B79583600EBF2AC /* HTTPMethod.swift */ = {isa = PBXFileReference; lastKnownFileType = sourcecode.swift; path = HTTPMethod.swift; sourceTree = "<group>"; };
		451CB6DC2B79584E00EBF2AC /* ApiError.swift */ = {isa = PBXFileReference; lastKnownFileType = sourcecode.swift; path = ApiError.swift; sourceTree = "<group>"; };
		451CB6E02B79593200EBF2AC /* Pokemon.swift */ = {isa = PBXFileReference; lastKnownFileType = sourcecode.swift; path = Pokemon.swift; sourceTree = "<group>"; };
		451CB6E22B79596100EBF2AC /* PokemonList.swift */ = {isa = PBXFileReference; lastKnownFileType = sourcecode.swift; path = PokemonList.swift; sourceTree = "<group>"; };
		451CB6EF2B795DCA00EBF2AC /* PokemonItemTableViewCell.swift */ = {isa = PBXFileReference; lastKnownFileType = sourcecode.swift; path = PokemonItemTableViewCell.swift; sourceTree = "<group>"; };
		451CB6F02B795DCA00EBF2AC /* PokemonItemTableViewCell.xib */ = {isa = PBXFileReference; lastKnownFileType = file.xib; path = PokemonItemTableViewCell.xib; sourceTree = "<group>"; };
		4553D6EA2B7B7E7C00F2B323 /* PokemonListTableViewCellData.swift */ = {isa = PBXFileReference; lastKnownFileType = sourcecode.swift; path = PokemonListTableViewCellData.swift; sourceTree = "<group>"; };
		4553D6EF2B7B83E100F2B323 /* PokemonListViewController.swift */ = {isa = PBXFileReference; lastKnownFileType = sourcecode.swift; path = PokemonListViewController.swift; sourceTree = "<group>"; };
		4553D6F02B7B83E100F2B323 /* PokemonListViewController.xib */ = {isa = PBXFileReference; lastKnownFileType = file.xib; path = PokemonListViewController.xib; sourceTree = "<group>"; };
		4553D6F42B7B8A5900F2B323 /* PokemonDetailsViewModel.swift */ = {isa = PBXFileReference; lastKnownFileType = sourcecode.swift; path = PokemonDetailsViewModel.swift; sourceTree = "<group>"; };
		4553D6F72B7B8A6C00F2B323 /* PokemonDetailsViewController.swift */ = {isa = PBXFileReference; lastKnownFileType = sourcecode.swift; path = PokemonDetailsViewController.swift; sourceTree = "<group>"; };
		4553D6F82B7B8A6C00F2B323 /* PokemonDetailsViewController.xib */ = {isa = PBXFileReference; lastKnownFileType = file.xib; path = PokemonDetailsViewController.xib; sourceTree = "<group>"; };
		4553D7012B7B92B000F2B323 /* PokemonListRouter.swift */ = {isa = PBXFileReference; lastKnownFileType = sourcecode.swift; path = PokemonListRouter.swift; sourceTree = "<group>"; };
		4553D7042B7B939200F2B323 /* PokemonDetailsRouter.swift */ = {isa = PBXFileReference; lastKnownFileType = sourcecode.swift; path = PokemonDetailsRouter.swift; sourceTree = "<group>"; };
		4553D7062B7B96B900F2B323 /* PokemonListModule.swift */ = {isa = PBXFileReference; lastKnownFileType = sourcecode.swift; path = PokemonListModule.swift; sourceTree = "<group>"; };
/* End PBXFileReference section */

/* Begin PBXFrameworksBuildPhase section */
		450DC5282B765F3F008E6ED4 /* Frameworks */ = {
			isa = PBXFrameworksBuildPhase;
			buildActionMask = 2147483647;
			files = (
				4553D6EE2B7B810200F2B323 /* Kingfisher in Frameworks */,
			);
			runOnlyForDeploymentPostprocessing = 0;
		};
		450DC53E2B765F40008E6ED4 /* Frameworks */ = {
			isa = PBXFrameworksBuildPhase;
			buildActionMask = 2147483647;
			files = (
			);
			runOnlyForDeploymentPostprocessing = 0;
		};
		450DC5482B765F40008E6ED4 /* Frameworks */ = {
			isa = PBXFrameworksBuildPhase;
			buildActionMask = 2147483647;
			files = (
			);
			runOnlyForDeploymentPostprocessing = 0;
		};
/* End PBXFrameworksBuildPhase section */

/* Begin PBXGroup section */
		450DC5222B765F3F008E6ED4 = {
			isa = PBXGroup;
			children = (
				450DC52D2B765F3F008E6ED4 /* Pokedex */,
				450DC5442B765F40008E6ED4 /* PokedexTests */,
				450DC54E2B765F40008E6ED4 /* PokedexUITests */,
				450DC52C2B765F3F008E6ED4 /* Products */,
			);
			sourceTree = "<group>";
		};
		450DC52C2B765F3F008E6ED4 /* Products */ = {
			isa = PBXGroup;
			children = (
				450DC52B2B765F3F008E6ED4 /* Pokedex.app */,
				450DC5412B765F40008E6ED4 /* PokedexTests.xctest */,
				450DC54B2B765F40008E6ED4 /* PokedexUITests.xctest */,
			);
			name = Products;
			sourceTree = "<group>";
		};
		450DC52D2B765F3F008E6ED4 /* Pokedex */ = {
			isa = PBXGroup;
			children = (
				451CB6DE2B79592200EBF2AC /* Models */,
				450DC56B2B7666A0008E6ED4 /* Scenes */,
				450DC55E2B76629A008E6ED4 /* NetworkLayer */,
				450DC52E2B765F3F008E6ED4 /* AppDelegate.swift */,
				450DC5302B765F3F008E6ED4 /* SceneDelegate.swift */,
				450DC5372B765F40008E6ED4 /* Assets.xcassets */,
				450DC5392B765F40008E6ED4 /* LaunchScreen.storyboard */,
				450DC53C2B765F40008E6ED4 /* Info.plist */,
			);
			path = Pokedex;
			sourceTree = "<group>";
		};
		450DC5442B765F40008E6ED4 /* PokedexTests */ = {
			isa = PBXGroup;
			children = (
				450DC5452B765F40008E6ED4 /* PokedexTests.swift */,
			);
			path = PokedexTests;
			sourceTree = "<group>";
		};
		450DC54E2B765F40008E6ED4 /* PokedexUITests */ = {
			isa = PBXGroup;
			children = (
				450DC54F2B765F40008E6ED4 /* PokedexUITests.swift */,
				450DC5512B765F40008E6ED4 /* PokedexUITestsLaunchTests.swift */,
			);
			path = PokedexUITests;
			sourceTree = "<group>";
		};
		450DC55E2B76629A008E6ED4 /* NetworkLayer */ = {
			isa = PBXGroup;
			children = (
				451CB6D52B7957E400EBF2AC /* Base */,
				451CB6D22B79578700EBF2AC /* Endpoints */,
				451CB6CF2B79572400EBF2AC /* Services */,
			);
			path = NetworkLayer;
			sourceTree = "<group>";
		};
		450DC56B2B7666A0008E6ED4 /* Scenes */ = {
			isa = PBXGroup;
			children = (
				450DC56D2B7666B4008E6ED4 /* PokemonDetails */,
				450DC56C2B7666AA008E6ED4 /* PokemonList */,
			);
			path = Scenes;
			sourceTree = "<group>";
		};
		450DC56C2B7666AA008E6ED4 /* PokemonList */ = {
			isa = PBXGroup;
			children = (
				4553D7002B7B928900F2B323 /* Router */,
				450DC56F2B7666C1008E6ED4 /* ViewController */,
				450DC56E2B7666BB008E6ED4 /* ViewModel */,
			);
			path = PokemonList;
			sourceTree = "<group>";
		};
		450DC56D2B7666B4008E6ED4 /* PokemonDetails */ = {
			isa = PBXGroup;
			children = (
				4553D7032B7B938900F2B323 /* Router */,
				4553D6F62B7B8A5C00F2B323 /* ViewController */,
				450DC5712B7666C9008E6ED4 /* Views */,
				450DC5702B7666C5008E6ED4 /* ViewModel */,
			);
			path = PokemonDetails;
			sourceTree = "<group>";
		};
		450DC56E2B7666BB008E6ED4 /* ViewModel */ = {
			isa = PBXGroup;
			children = (
				450DC5722B7666DB008E6ED4 /* PokemonListViewModel.swift */,
			);
			path = ViewModel;
			sourceTree = "<group>";
		};
		450DC56F2B7666C1008E6ED4 /* ViewController */ = {
			isa = PBXGroup;
			children = (
				4553D7082B7B96F300F2B323 /* Subviews */,
				4553D6EF2B7B83E100F2B323 /* PokemonListViewController.swift */,
				4553D6F02B7B83E100F2B323 /* PokemonListViewController.xib */,
			);
			path = ViewController;
			sourceTree = "<group>";
		};
		450DC5702B7666C5008E6ED4 /* ViewModel */ = {
			isa = PBXGroup;
			children = (
				4553D6F42B7B8A5900F2B323 /* PokemonDetailsViewModel.swift */,
			);
			path = ViewModel;
			sourceTree = "<group>";
		};
		450DC5712B7666C9008E6ED4 /* Views */ = {
			isa = PBXGroup;
			children = (
			);
			path = Views;
			sourceTree = "<group>";
		};
		451CB6CF2B79572400EBF2AC /* Services */ = {
			isa = PBXGroup;
			children = (
				451CB6D02B79573400EBF2AC /* PokemonService.swift */,
			);
			path = Services;
			sourceTree = "<group>";
		};
		451CB6D22B79578700EBF2AC /* Endpoints */ = {
			isa = PBXGroup;
			children = (
				451CB6D32B79579600EBF2AC /* PokemonsEndpoint.swift */,
			);
			path = Endpoints;
			sourceTree = "<group>";
		};
		451CB6D52B7957E400EBF2AC /* Base */ = {
			isa = PBXGroup;
			children = (
				451CB6D62B7957F400EBF2AC /* Endpoint.swift */,
				451CB6D82B79581300EBF2AC /* HTTPClient.swift */,
				451CB6DA2B79583600EBF2AC /* HTTPMethod.swift */,
				451CB6DC2B79584E00EBF2AC /* ApiError.swift */,
			);
			path = Base;
			sourceTree = "<group>";
		};
		451CB6DE2B79592200EBF2AC /* Models */ = {
			isa = PBXGroup;
			children = (
				451CB6E02B79593200EBF2AC /* Pokemon.swift */,
				451CB6E22B79596100EBF2AC /* PokemonList.swift */,
			);
			path = Models;
			sourceTree = "<group>";
		};
		4553D6F62B7B8A5C00F2B323 /* ViewController */ = {
			isa = PBXGroup;
			children = (
				4553D6F72B7B8A6C00F2B323 /* PokemonDetailsViewController.swift */,
				4553D6F82B7B8A6C00F2B323 /* PokemonDetailsViewController.xib */,
			);
			path = ViewController;
			sourceTree = "<group>";
		};
		4553D7002B7B928900F2B323 /* Router */ = {
			isa = PBXGroup;
			children = (
				4553D7012B7B92B000F2B323 /* PokemonListRouter.swift */,
				4553D7062B7B96B900F2B323 /* PokemonListModule.swift */,
			);
			path = Router;
			sourceTree = "<group>";
		};
		4553D7032B7B938900F2B323 /* Router */ = {
			isa = PBXGroup;
			children = (
				4553D7042B7B939200F2B323 /* PokemonDetailsRouter.swift */,
			);
			path = Router;
			sourceTree = "<group>";
		};
		4553D7082B7B96F300F2B323 /* Subviews */ = {
			isa = PBXGroup;
			children = (
				4553D7092B7B96F900F2B323 /* PokemonCellItem */,
			);
			path = Subviews;
			sourceTree = "<group>";
		};
		4553D7092B7B96F900F2B323 /* PokemonCellItem */ = {
			isa = PBXGroup;
			children = (
				451CB6EF2B795DCA00EBF2AC /* PokemonItemTableViewCell.swift */,
				451CB6F02B795DCA00EBF2AC /* PokemonItemTableViewCell.xib */,
				4553D6EA2B7B7E7C00F2B323 /* PokemonListTableViewCellData.swift */,
			);
			path = PokemonCellItem;
			sourceTree = "<group>";
		};
/* End PBXGroup section */

/* Begin PBXNativeTarget section */
		450DC52A2B765F3F008E6ED4 /* Pokedex */ = {
			isa = PBXNativeTarget;
			buildConfigurationList = 450DC5552B765F40008E6ED4 /* Build configuration list for PBXNativeTarget "Pokedex" */;
			buildPhases = (
				450DC5272B765F3F008E6ED4 /* Sources */,
				450DC5282B765F3F008E6ED4 /* Frameworks */,
				450DC5292B765F3F008E6ED4 /* Resources */,
			);
			buildRules = (
			);
			dependencies = (
			);
			name = Pokedex;
			packageProductDependencies = (
				4553D6ED2B7B810200F2B323 /* Kingfisher */,
			);
			productName = Pokedex;
			productReference = 450DC52B2B765F3F008E6ED4 /* Pokedex.app */;
			productType = "com.apple.product-type.application";
		};
		450DC5402B765F40008E6ED4 /* PokedexTests */ = {
			isa = PBXNativeTarget;
			buildConfigurationList = 450DC5582B765F40008E6ED4 /* Build configuration list for PBXNativeTarget "PokedexTests" */;
			buildPhases = (
				450DC53D2B765F40008E6ED4 /* Sources */,
				450DC53E2B765F40008E6ED4 /* Frameworks */,
				450DC53F2B765F40008E6ED4 /* Resources */,
			);
			buildRules = (
			);
			dependencies = (
				450DC5432B765F40008E6ED4 /* PBXTargetDependency */,
			);
			name = PokedexTests;
			productName = PokedexTests;
			productReference = 450DC5412B765F40008E6ED4 /* PokedexTests.xctest */;
			productType = "com.apple.product-type.bundle.unit-test";
		};
		450DC54A2B765F40008E6ED4 /* PokedexUITests */ = {
			isa = PBXNativeTarget;
			buildConfigurationList = 450DC55B2B765F40008E6ED4 /* Build configuration list for PBXNativeTarget "PokedexUITests" */;
			buildPhases = (
				450DC5472B765F40008E6ED4 /* Sources */,
				450DC5482B765F40008E6ED4 /* Frameworks */,
				450DC5492B765F40008E6ED4 /* Resources */,
			);
			buildRules = (
			);
			dependencies = (
				450DC54D2B765F40008E6ED4 /* PBXTargetDependency */,
			);
			name = PokedexUITests;
			productName = PokedexUITests;
			productReference = 450DC54B2B765F40008E6ED4 /* PokedexUITests.xctest */;
			productType = "com.apple.product-type.bundle.ui-testing";
		};
/* End PBXNativeTarget section */

/* Begin PBXProject section */
		450DC5232B765F3F008E6ED4 /* Project object */ = {
			isa = PBXProject;
			attributes = {
				BuildIndependentTargetsInParallel = 1;
				LastSwiftUpdateCheck = 1520;
				LastUpgradeCheck = 1520;
				TargetAttributes = {
					450DC52A2B765F3F008E6ED4 = {
						CreatedOnToolsVersion = 15.2;
					};
					450DC5402B765F40008E6ED4 = {
						CreatedOnToolsVersion = 15.2;
						TestTargetID = 450DC52A2B765F3F008E6ED4;
					};
					450DC54A2B765F40008E6ED4 = {
						CreatedOnToolsVersion = 15.2;
						TestTargetID = 450DC52A2B765F3F008E6ED4;
					};
				};
			};
			buildConfigurationList = 450DC5262B765F3F008E6ED4 /* Build configuration list for PBXProject "Pokedex" */;
			compatibilityVersion = "Xcode 14.0";
			developmentRegion = en;
			hasScannedForEncodings = 0;
			knownRegions = (
				en,
				Base,
			);
			mainGroup = 450DC5222B765F3F008E6ED4;
			packageReferences = (
				4553D6EC2B7B810200F2B323 /* XCRemoteSwiftPackageReference "Kingfisher" */,
			);
			productRefGroup = 450DC52C2B765F3F008E6ED4 /* Products */;
			projectDirPath = "";
			projectRoot = "";
			targets = (
				450DC52A2B765F3F008E6ED4 /* Pokedex */,
				450DC5402B765F40008E6ED4 /* PokedexTests */,
				450DC54A2B765F40008E6ED4 /* PokedexUITests */,
			);
		};
/* End PBXProject section */

/* Begin PBXResourcesBuildPhase section */
		450DC5292B765F3F008E6ED4 /* Resources */ = {
			isa = PBXResourcesBuildPhase;
			buildActionMask = 2147483647;
			files = (
				4553D6FA2B7B8A6C00F2B323 /* PokemonDetailsViewController.xib in Resources */,
				450DC53B2B765F40008E6ED4 /* LaunchScreen.storyboard in Resources */,
				450DC5382B765F40008E6ED4 /* Assets.xcassets in Resources */,
				451CB6F22B795DCA00EBF2AC /* PokemonItemTableViewCell.xib in Resources */,
				4553D6F22B7B83E100F2B323 /* PokemonListViewController.xib in Resources */,
			);
			runOnlyForDeploymentPostprocessing = 0;
		};
		450DC53F2B765F40008E6ED4 /* Resources */ = {
			isa = PBXResourcesBuildPhase;
			buildActionMask = 2147483647;
			files = (
			);
			runOnlyForDeploymentPostprocessing = 0;
		};
		450DC5492B765F40008E6ED4 /* Resources */ = {
			isa = PBXResourcesBuildPhase;
			buildActionMask = 2147483647;
			files = (
			);
			runOnlyForDeploymentPostprocessing = 0;
		};
/* End PBXResourcesBuildPhase section */

/* Begin PBXSourcesBuildPhase section */
		450DC5272B765F3F008E6ED4 /* Sources */ = {
			isa = PBXSourcesBuildPhase;
			buildActionMask = 2147483647;
			files = (
				4553D7072B7B96B900F2B323 /* PokemonListModule.swift in Sources */,
				451CB6DD2B79584E00EBF2AC /* ApiError.swift in Sources */,
				4553D6EB2B7B7E7C00F2B323 /* PokemonListTableViewCellData.swift in Sources */,
				451CB6D72B7957F400EBF2AC /* Endpoint.swift in Sources */,
				451CB6E32B79596100EBF2AC /* PokemonList.swift in Sources */,
				4553D7022B7B92B000F2B323 /* PokemonListRouter.swift in Sources */,
				4553D6F92B7B8A6C00F2B323 /* PokemonDetailsViewController.swift in Sources */,
				451CB6D12B79573400EBF2AC /* PokemonService.swift in Sources */,
				4553D6F12B7B83E100F2B323 /* PokemonListViewController.swift in Sources */,
				450DC52F2B765F3F008E6ED4 /* AppDelegate.swift in Sources */,
				451CB6F12B795DCA00EBF2AC /* PokemonItemTableViewCell.swift in Sources */,
				4553D6F52B7B8A5900F2B323 /* PokemonDetailsViewModel.swift in Sources */,
				450DC5312B765F3F008E6ED4 /* SceneDelegate.swift in Sources */,
				4553D7052B7B939200F2B323 /* PokemonDetailsRouter.swift in Sources */,
				450DC5732B7666DB008E6ED4 /* PokemonListViewModel.swift in Sources */,
				451CB6E12B79593200EBF2AC /* Pokemon.swift in Sources */,
				451CB6DB2B79583600EBF2AC /* HTTPMethod.swift in Sources */,
				451CB6D42B79579600EBF2AC /* PokemonsEndpoint.swift in Sources */,
				451CB6D92B79581300EBF2AC /* HTTPClient.swift in Sources */,
			);
			runOnlyForDeploymentPostprocessing = 0;
		};
		450DC53D2B765F40008E6ED4 /* Sources */ = {
			isa = PBXSourcesBuildPhase;
			buildActionMask = 2147483647;
			files = (
				450DC5462B765F40008E6ED4 /* PokedexTests.swift in Sources */,
			);
			runOnlyForDeploymentPostprocessing = 0;
		};
		450DC5472B765F40008E6ED4 /* Sources */ = {
			isa = PBXSourcesBuildPhase;
			buildActionMask = 2147483647;
			files = (
				450DC5502B765F40008E6ED4 /* PokedexUITests.swift in Sources */,
				450DC5522B765F40008E6ED4 /* PokedexUITestsLaunchTests.swift in Sources */,
			);
			runOnlyForDeploymentPostprocessing = 0;
		};
/* End PBXSourcesBuildPhase section */

/* Begin PBXTargetDependency section */
		450DC5432B765F40008E6ED4 /* PBXTargetDependency */ = {
			isa = PBXTargetDependency;
			target = 450DC52A2B765F3F008E6ED4 /* Pokedex */;
			targetProxy = 450DC5422B765F40008E6ED4 /* PBXContainerItemProxy */;
		};
		450DC54D2B765F40008E6ED4 /* PBXTargetDependency */ = {
			isa = PBXTargetDependency;
			target = 450DC52A2B765F3F008E6ED4 /* Pokedex */;
			targetProxy = 450DC54C2B765F40008E6ED4 /* PBXContainerItemProxy */;
		};
/* End PBXTargetDependency section */

/* Begin PBXVariantGroup section */
		450DC5392B765F40008E6ED4 /* LaunchScreen.storyboard */ = {
			isa = PBXVariantGroup;
			children = (
				450DC53A2B765F40008E6ED4 /* Base */,
			);
			name = LaunchScreen.storyboard;
			sourceTree = "<group>";
		};
/* End PBXVariantGroup section */

/* Begin XCBuildConfiguration section */
		450DC5532B765F40008E6ED4 /* Debug */ = {
			isa = XCBuildConfiguration;
			buildSettings = {
				ALWAYS_SEARCH_USER_PATHS = NO;
				ASSETCATALOG_COMPILER_GENERATE_SWIFT_ASSET_SYMBOL_EXTENSIONS = YES;
				CLANG_ANALYZER_NONNULL = YES;
				CLANG_ANALYZER_NUMBER_OBJECT_CONVERSION = YES_AGGRESSIVE;
				CLANG_CXX_LANGUAGE_STANDARD = "gnu++20";
				CLANG_ENABLE_MODULES = YES;
				CLANG_ENABLE_OBJC_ARC = YES;
				CLANG_ENABLE_OBJC_WEAK = YES;
				CLANG_WARN_BLOCK_CAPTURE_AUTORELEASING = YES;
				CLANG_WARN_BOOL_CONVERSION = YES;
				CLANG_WARN_COMMA = YES;
				CLANG_WARN_CONSTANT_CONVERSION = YES;
				CLANG_WARN_DEPRECATED_OBJC_IMPLEMENTATIONS = YES;
				CLANG_WARN_DIRECT_OBJC_ISA_USAGE = YES_ERROR;
				CLANG_WARN_DOCUMENTATION_COMMENTS = YES;
				CLANG_WARN_EMPTY_BODY = YES;
				CLANG_WARN_ENUM_CONVERSION = YES;
				CLANG_WARN_INFINITE_RECURSION = YES;
				CLANG_WARN_INT_CONVERSION = YES;
				CLANG_WARN_NON_LITERAL_NULL_CONVERSION = YES;
				CLANG_WARN_OBJC_IMPLICIT_RETAIN_SELF = YES;
				CLANG_WARN_OBJC_LITERAL_CONVERSION = YES;
				CLANG_WARN_OBJC_ROOT_CLASS = YES_ERROR;
				CLANG_WARN_QUOTED_INCLUDE_IN_FRAMEWORK_HEADER = YES;
				CLANG_WARN_RANGE_LOOP_ANALYSIS = YES;
				CLANG_WARN_STRICT_PROTOTYPES = YES;
				CLANG_WARN_SUSPICIOUS_MOVE = YES;
				CLANG_WARN_UNGUARDED_AVAILABILITY = YES_AGGRESSIVE;
				CLANG_WARN_UNREACHABLE_CODE = YES;
				CLANG_WARN__DUPLICATE_METHOD_MATCH = YES;
				COPY_PHASE_STRIP = NO;
				DEBUG_INFORMATION_FORMAT = dwarf;
				ENABLE_STRICT_OBJC_MSGSEND = YES;
				ENABLE_TESTABILITY = YES;
				ENABLE_USER_SCRIPT_SANDBOXING = YES;
				GCC_C_LANGUAGE_STANDARD = gnu17;
				GCC_DYNAMIC_NO_PIC = NO;
				GCC_NO_COMMON_BLOCKS = YES;
				GCC_OPTIMIZATION_LEVEL = 0;
				GCC_PREPROCESSOR_DEFINITIONS = (
					"DEBUG=1",
					"$(inherited)",
				);
				GCC_WARN_64_TO_32_BIT_CONVERSION = YES;
				GCC_WARN_ABOUT_RETURN_TYPE = YES_ERROR;
				GCC_WARN_UNDECLARED_SELECTOR = YES;
				GCC_WARN_UNINITIALIZED_AUTOS = YES_AGGRESSIVE;
				GCC_WARN_UNUSED_FUNCTION = YES;
				GCC_WARN_UNUSED_VARIABLE = YES;
				IPHONEOS_DEPLOYMENT_TARGET = 17.2;
				LOCALIZATION_PREFERS_STRING_CATALOGS = YES;
				MTL_ENABLE_DEBUG_INFO = INCLUDE_SOURCE;
				MTL_FAST_MATH = YES;
				ONLY_ACTIVE_ARCH = YES;
				SDKROOT = iphoneos;
				SWIFT_ACTIVE_COMPILATION_CONDITIONS = "DEBUG $(inherited)";
				SWIFT_OPTIMIZATION_LEVEL = "-Onone";
			};
			name = Debug;
		};
		450DC5542B765F40008E6ED4 /* Release */ = {
			isa = XCBuildConfiguration;
			buildSettings = {
				ALWAYS_SEARCH_USER_PATHS = NO;
				ASSETCATALOG_COMPILER_GENERATE_SWIFT_ASSET_SYMBOL_EXTENSIONS = YES;
				CLANG_ANALYZER_NONNULL = YES;
				CLANG_ANALYZER_NUMBER_OBJECT_CONVERSION = YES_AGGRESSIVE;
				CLANG_CXX_LANGUAGE_STANDARD = "gnu++20";
				CLANG_ENABLE_MODULES = YES;
				CLANG_ENABLE_OBJC_ARC = YES;
				CLANG_ENABLE_OBJC_WEAK = YES;
				CLANG_WARN_BLOCK_CAPTURE_AUTORELEASING = YES;
				CLANG_WARN_BOOL_CONVERSION = YES;
				CLANG_WARN_COMMA = YES;
				CLANG_WARN_CONSTANT_CONVERSION = YES;
				CLANG_WARN_DEPRECATED_OBJC_IMPLEMENTATIONS = YES;
				CLANG_WARN_DIRECT_OBJC_ISA_USAGE = YES_ERROR;
				CLANG_WARN_DOCUMENTATION_COMMENTS = YES;
				CLANG_WARN_EMPTY_BODY = YES;
				CLANG_WARN_ENUM_CONVERSION = YES;
				CLANG_WARN_INFINITE_RECURSION = YES;
				CLANG_WARN_INT_CONVERSION = YES;
				CLANG_WARN_NON_LITERAL_NULL_CONVERSION = YES;
				CLANG_WARN_OBJC_IMPLICIT_RETAIN_SELF = YES;
				CLANG_WARN_OBJC_LITERAL_CONVERSION = YES;
				CLANG_WARN_OBJC_ROOT_CLASS = YES_ERROR;
				CLANG_WARN_QUOTED_INCLUDE_IN_FRAMEWORK_HEADER = YES;
				CLANG_WARN_RANGE_LOOP_ANALYSIS = YES;
				CLANG_WARN_STRICT_PROTOTYPES = YES;
				CLANG_WARN_SUSPICIOUS_MOVE = YES;
				CLANG_WARN_UNGUARDED_AVAILABILITY = YES_AGGRESSIVE;
				CLANG_WARN_UNREACHABLE_CODE = YES;
				CLANG_WARN__DUPLICATE_METHOD_MATCH = YES;
				COPY_PHASE_STRIP = NO;
				DEBUG_INFORMATION_FORMAT = "dwarf-with-dsym";
				ENABLE_NS_ASSERTIONS = NO;
				ENABLE_STRICT_OBJC_MSGSEND = YES;
				ENABLE_USER_SCRIPT_SANDBOXING = YES;
				GCC_C_LANGUAGE_STANDARD = gnu17;
				GCC_NO_COMMON_BLOCKS = YES;
				GCC_WARN_64_TO_32_BIT_CONVERSION = YES;
				GCC_WARN_ABOUT_RETURN_TYPE = YES_ERROR;
				GCC_WARN_UNDECLARED_SELECTOR = YES;
				GCC_WARN_UNINITIALIZED_AUTOS = YES_AGGRESSIVE;
				GCC_WARN_UNUSED_FUNCTION = YES;
				GCC_WARN_UNUSED_VARIABLE = YES;
				IPHONEOS_DEPLOYMENT_TARGET = 17.2;
				LOCALIZATION_PREFERS_STRING_CATALOGS = YES;
				MTL_ENABLE_DEBUG_INFO = NO;
				MTL_FAST_MATH = YES;
				SDKROOT = iphoneos;
				SWIFT_COMPILATION_MODE = wholemodule;
				VALIDATE_PRODUCT = YES;
			};
			name = Release;
		};
		450DC5562B765F40008E6ED4 /* Debug */ = {
			isa = XCBuildConfiguration;
			buildSettings = {
				ASSETCATALOG_COMPILER_APPICON_NAME = AppIcon;
				ASSETCATALOG_COMPILER_GLOBAL_ACCENT_COLOR_NAME = AccentColor;
				CODE_SIGN_STYLE = Automatic;
				CURRENT_PROJECT_VERSION = 1;
				DEVELOPMENT_TEAM = RNN4Y9Z58L;
				GENERATE_INFOPLIST_FILE = YES;
				INFOPLIST_FILE = Pokedex/Info.plist;
				INFOPLIST_KEY_UIApplicationSupportsIndirectInputEvents = YES;
				INFOPLIST_KEY_UILaunchStoryboardName = LaunchScreen;
				INFOPLIST_KEY_UISupportedInterfaceOrientations_iPad = "UIInterfaceOrientationPortrait UIInterfaceOrientationPortraitUpsideDown UIInterfaceOrientationLandscapeLeft UIInterfaceOrientationLandscapeRight";
				INFOPLIST_KEY_UISupportedInterfaceOrientations_iPhone = "UIInterfaceOrientationPortrait UIInterfaceOrientationLandscapeLeft UIInterfaceOrientationLandscapeRight";
				LD_RUNPATH_SEARCH_PATHS = (
					"$(inherited)",
					"@executable_path/Frameworks",
				);
				MARKETING_VERSION = 1.0;
				PRODUCT_BUNDLE_IDENTIFIER = com.oguztandogan.Pokedex;
				PRODUCT_NAME = "$(TARGET_NAME)";
				SWIFT_EMIT_LOC_STRINGS = YES;
				SWIFT_VERSION = 5.0;
				TARGETED_DEVICE_FAMILY = "1,2";
			};
			name = Debug;
		};
		450DC5572B765F40008E6ED4 /* Release */ = {
			isa = XCBuildConfiguration;
			buildSettings = {
				ASSETCATALOG_COMPILER_APPICON_NAME = AppIcon;
				ASSETCATALOG_COMPILER_GLOBAL_ACCENT_COLOR_NAME = AccentColor;
				CODE_SIGN_STYLE = Automatic;
				CURRENT_PROJECT_VERSION = 1;
				DEVELOPMENT_TEAM = RNN4Y9Z58L;
				GENERATE_INFOPLIST_FILE = YES;
				INFOPLIST_FILE = Pokedex/Info.plist;
				INFOPLIST_KEY_UIApplicationSupportsIndirectInputEvents = YES;
				INFOPLIST_KEY_UILaunchStoryboardName = LaunchScreen;
				INFOPLIST_KEY_UISupportedInterfaceOrientations_iPad = "UIInterfaceOrientationPortrait UIInterfaceOrientationPortraitUpsideDown UIInterfaceOrientationLandscapeLeft UIInterfaceOrientationLandscapeRight";
				INFOPLIST_KEY_UISupportedInterfaceOrientations_iPhone = "UIInterfaceOrientationPortrait UIInterfaceOrientationLandscapeLeft UIInterfaceOrientationLandscapeRight";
				LD_RUNPATH_SEARCH_PATHS = (
					"$(inherited)",
					"@executable_path/Frameworks",
				);
				MARKETING_VERSION = 1.0;
				PRODUCT_BUNDLE_IDENTIFIER = com.oguztandogan.Pokedex;
				PRODUCT_NAME = "$(TARGET_NAME)";
				SWIFT_EMIT_LOC_STRINGS = YES;
				SWIFT_VERSION = 5.0;
				TARGETED_DEVICE_FAMILY = "1,2";
			};
			name = Release;
		};
		450DC5592B765F40008E6ED4 /* Debug */ = {
			isa = XCBuildConfiguration;
			buildSettings = {
				ALWAYS_EMBED_SWIFT_STANDARD_LIBRARIES = YES;
				BUNDLE_LOADER = "$(TEST_HOST)";
				CODE_SIGN_STYLE = Automatic;
				CURRENT_PROJECT_VERSION = 1;
				DEVELOPMENT_TEAM = RNN4Y9Z58L;
				GENERATE_INFOPLIST_FILE = YES;
				IPHONEOS_DEPLOYMENT_TARGET = 17.2;
				MARKETING_VERSION = 1.0;
				PRODUCT_BUNDLE_IDENTIFIER = com.oguztandogan.PokedexTests;
				PRODUCT_NAME = "$(TARGET_NAME)";
				SWIFT_EMIT_LOC_STRINGS = NO;
				SWIFT_VERSION = 5.0;
				TARGETED_DEVICE_FAMILY = "1,2";
				TEST_HOST = "$(BUILT_PRODUCTS_DIR)/Pokedex.app/$(BUNDLE_EXECUTABLE_FOLDER_PATH)/Pokedex";
			};
			name = Debug;
		};
		450DC55A2B765F40008E6ED4 /* Release */ = {
			isa = XCBuildConfiguration;
			buildSettings = {
				ALWAYS_EMBED_SWIFT_STANDARD_LIBRARIES = YES;
				BUNDLE_LOADER = "$(TEST_HOST)";
				CODE_SIGN_STYLE = Automatic;
				CURRENT_PROJECT_VERSION = 1;
				DEVELOPMENT_TEAM = RNN4Y9Z58L;
				GENERATE_INFOPLIST_FILE = YES;
				IPHONEOS_DEPLOYMENT_TARGET = 17.2;
				MARKETING_VERSION = 1.0;
				PRODUCT_BUNDLE_IDENTIFIER = com.oguztandogan.PokedexTests;
				PRODUCT_NAME = "$(TARGET_NAME)";
				SWIFT_EMIT_LOC_STRINGS = NO;
				SWIFT_VERSION = 5.0;
				TARGETED_DEVICE_FAMILY = "1,2";
				TEST_HOST = "$(BUILT_PRODUCTS_DIR)/Pokedex.app/$(BUNDLE_EXECUTABLE_FOLDER_PATH)/Pokedex";
			};
			name = Release;
		};
		450DC55C2B765F40008E6ED4 /* Debug */ = {
			isa = XCBuildConfiguration;
			buildSettings = {
				ALWAYS_EMBED_SWIFT_STANDARD_LIBRARIES = YES;
				CODE_SIGN_STYLE = Automatic;
				CURRENT_PROJECT_VERSION = 1;
				DEVELOPMENT_TEAM = RNN4Y9Z58L;
				GENERATE_INFOPLIST_FILE = YES;
				MARKETING_VERSION = 1.0;
				PRODUCT_BUNDLE_IDENTIFIER = com.oguztandogan.PokedexUITests;
				PRODUCT_NAME = "$(TARGET_NAME)";
				SWIFT_EMIT_LOC_STRINGS = NO;
				SWIFT_VERSION = 5.0;
				TARGETED_DEVICE_FAMILY = "1,2";
				TEST_TARGET_NAME = Pokedex;
			};
			name = Debug;
		};
		450DC55D2B765F40008E6ED4 /* Release */ = {
			isa = XCBuildConfiguration;
			buildSettings = {
				ALWAYS_EMBED_SWIFT_STANDARD_LIBRARIES = YES;
				CODE_SIGN_STYLE = Automatic;
				CURRENT_PROJECT_VERSION = 1;
				DEVELOPMENT_TEAM = RNN4Y9Z58L;
				GENERATE_INFOPLIST_FILE = YES;
				MARKETING_VERSION = 1.0;
				PRODUCT_BUNDLE_IDENTIFIER = com.oguztandogan.PokedexUITests;
				PRODUCT_NAME = "$(TARGET_NAME)";
				SWIFT_EMIT_LOC_STRINGS = NO;
				SWIFT_VERSION = 5.0;
				TARGETED_DEVICE_FAMILY = "1,2";
				TEST_TARGET_NAME = Pokedex;
			};
			name = Release;
		};
/* End XCBuildConfiguration section */

/* Begin XCConfigurationList section */
		450DC5262B765F3F008E6ED4 /* Build configuration list for PBXProject "Pokedex" */ = {
			isa = XCConfigurationList;
			buildConfigurations = (
				450DC5532B765F40008E6ED4 /* Debug */,
				450DC5542B765F40008E6ED4 /* Release */,
			);
			defaultConfigurationIsVisible = 0;
			defaultConfigurationName = Release;
		};
		450DC5552B765F40008E6ED4 /* Build configuration list for PBXNativeTarget "Pokedex" */ = {
			isa = XCConfigurationList;
			buildConfigurations = (
				450DC5562B765F40008E6ED4 /* Debug */,
				450DC5572B765F40008E6ED4 /* Release */,
			);
			defaultConfigurationIsVisible = 0;
			defaultConfigurationName = Release;
		};
		450DC5582B765F40008E6ED4 /* Build configuration list for PBXNativeTarget "PokedexTests" */ = {
			isa = XCConfigurationList;
			buildConfigurations = (
				450DC5592B765F40008E6ED4 /* Debug */,
				450DC55A2B765F40008E6ED4 /* Release */,
			);
			defaultConfigurationIsVisible = 0;
			defaultConfigurationName = Release;
		};
		450DC55B2B765F40008E6ED4 /* Build configuration list for PBXNativeTarget "PokedexUITests" */ = {
			isa = XCConfigurationList;
			buildConfigurations = (
				450DC55C2B765F40008E6ED4 /* Debug */,
				450DC55D2B765F40008E6ED4 /* Release */,
			);
			defaultConfigurationIsVisible = 0;
			defaultConfigurationName = Release;
		};
/* End XCConfigurationList section */

/* Begin XCRemoteSwiftPackageReference section */
		4553D6EC2B7B810200F2B323 /* XCRemoteSwiftPackageReference "Kingfisher" */ = {
			isa = XCRemoteSwiftPackageReference;
			repositoryURL = "https://github.com/onevcat/Kingfisher";
			requirement = {
				kind = upToNextMajorVersion;
				minimumVersion = 7.11.0;
			};
		};
/* End XCRemoteSwiftPackageReference section */

/* Begin XCSwiftPackageProductDependency section */
		4553D6ED2B7B810200F2B323 /* Kingfisher */ = {
			isa = XCSwiftPackageProductDependency;
			package = 4553D6EC2B7B810200F2B323 /* XCRemoteSwiftPackageReference "Kingfisher" */;
			productName = Kingfisher;
		};
/* End XCSwiftPackageProductDependency section */
	};
	rootObject = 450DC5232B765F3F008E6ED4 /* Project object */;
}
